// !$*UTF8*$!
{
	archiveVersion = 1;
	classes = {
	};
	objectVersion = 56;
	objects = {

/* Begin PBXBuildFile section */
		FA055B722ABDB50E00C166C3 /* AppDelegate.swift in Sources */ = {isa = PBXBuildFile; fileRef = FA055B712ABDB50E00C166C3 /* AppDelegate.swift */; };
		FA055B742ABDB50E00C166C3 /* SceneDelegate.swift in Sources */ = {isa = PBXBuildFile; fileRef = FA055B732ABDB50E00C166C3 /* SceneDelegate.swift */; };
		FA055B7B2ABDB51000C166C3 /* Assets.xcassets in Resources */ = {isa = PBXBuildFile; fileRef = FA055B7A2ABDB51000C166C3 /* Assets.xcassets */; };
		FA055B7E2ABDB51000C166C3 /* LaunchScreen.storyboard in Resources */ = {isa = PBXBuildFile; fileRef = FA055B7C2ABDB51000C166C3 /* LaunchScreen.storyboard */; };
		FA182A022ABDC3FE000CC6B5 /* CustomTabBarController.swift in Sources */ = {isa = PBXBuildFile; fileRef = FA182A012ABDC3FE000CC6B5 /* CustomTabBarController.swift */; };
		FA182A042ABDC4F8000CC6B5 /* Resources .swift in Sources */ = {isa = PBXBuildFile; fileRef = FA182A032ABDC4F8000CC6B5 /* Resources .swift */; };
		FA182A062ABDCF3E000CC6B5 /* UIColor + Extensions.swift in Sources */ = {isa = PBXBuildFile; fileRef = FA182A052ABDCF3E000CC6B5 /* UIColor + Extensions.swift */; };
		FA182A0C2ABDD847000CC6B5 /* UIView + Extensions.swift in Sources */ = {isa = PBXBuildFile; fileRef = FA182A0B2ABDD847000CC6B5 /* UIView + Extensions.swift */; };
		FA182A0F2ABE022D000CC6B5 /* CustomNavigationView.swift in Sources */ = {isa = PBXBuildFile; fileRef = FA182A0E2ABE022D000CC6B5 /* CustomNavigationView.swift */; };
		FA182A112ABE0DAF000CC6B5 /* UIButton + Extensions.swift in Sources */ = {isa = PBXBuildFile; fileRef = FA182A102ABE0DAF000CC6B5 /* UIButton + Extensions.swift */; };
		FA2159BF2ABDBCBC003B877E /* SnapKit in Frameworks */ = {isa = PBXBuildFile; productRef = FA2159BE2ABDBCBC003B877E /* SnapKit */; };
		FA281F582AC836440010D4D4 /* SushuSushiAPI.swift in Sources */ = {isa = PBXBuildFile; fileRef = FA281F572AC836440010D4D4 /* SushuSushiAPI.swift */; };
		FA4E96172AC053CA0043FDC9 /* Item.swift in Sources */ = {isa = PBXBuildFile; fileRef = FA4E96162AC053CA0043FDC9 /* Item.swift */; };
		FA4E96192AC0542C0043FDC9 /* Section.swift in Sources */ = {isa = PBXBuildFile; fileRef = FA4E96182AC0542C0043FDC9 /* Section.swift */; };
		FA4E961B2AC0546C0043FDC9 /* Header.swift in Sources */ = {isa = PBXBuildFile; fileRef = FA4E961A2AC0546C0043FDC9 /* Header.swift */; };
		FA4E961D2AC054790043FDC9 /* Footer.swift in Sources */ = {isa = PBXBuildFile; fileRef = FA4E961C2AC054790043FDC9 /* Footer.swift */; };
		FA4E961F2AC059FA0043FDC9 /* Adapter.swift in Sources */ = {isa = PBXBuildFile; fileRef = FA4E961E2AC059FA0043FDC9 /* Adapter.swift */; };
		FA4E96212AC0658E0043FDC9 /* RegistryService.swift in Sources */ = {isa = PBXBuildFile; fileRef = FA4E96202AC0658E0043FDC9 /* RegistryService.swift */; };
		FA4E96232AC06A040043FDC9 /* DummyView.swift in Sources */ = {isa = PBXBuildFile; fileRef = FA4E96222AC06A040043FDC9 /* DummyView.swift */; };
		FA4E96252AC07A750043FDC9 /* CategoryCell.swift in Sources */ = {isa = PBXBuildFile; fileRef = FA4E96242AC07A750043FDC9 /* CategoryCell.swift */; };
		FA4E96282AC07EC30043FDC9 /* CategoryModel.swift in Sources */ = {isa = PBXBuildFile; fileRef = FA4E96272AC07EC30043FDC9 /* CategoryModel.swift */; };
		FA6669A62ABDB91200D4A4C8 /* MenuViewController.swift in Sources */ = {isa = PBXBuildFile; fileRef = FA6669A52ABDB91200D4A4C8 /* MenuViewController.swift */; };
		FA6669A82ABDB95E00D4A4C8 /* BagViewController.swift in Sources */ = {isa = PBXBuildFile; fileRef = FA6669A72ABDB95E00D4A4C8 /* BagViewController.swift */; };
		FA6669AA2ABDB97400D4A4C8 /* InfoViewController.swift in Sources */ = {isa = PBXBuildFile; fileRef = FA6669A92ABDB97400D4A4C8 /* InfoViewController.swift */; };
		FA6669B22ABDBAF300D4A4C8 /* Kingfisher in Frameworks */ = {isa = PBXBuildFile; productRef = FA6669B12ABDBAF300D4A4C8 /* Kingfisher */; };
		FA6669B52ABDBB4500D4A4C8 /* Alamofire in Frameworks */ = {isa = PBXBuildFile; productRef = FA6669B42ABDBB4500D4A4C8 /* Alamofire */; };
		FA8CB75F2AC2B229005CC809 /* UILabel + Extension.swift in Sources */ = {isa = PBXBuildFile; fileRef = FA8CB75E2AC2B229005CC809 /* UILabel + Extension.swift */; };
		FA8CB7612AC2B484005CC809 /* UIFont + Extensions.swift in Sources */ = {isa = PBXBuildFile; fileRef = FA8CB7602AC2B484005CC809 /* UIFont + Extensions.swift */; };
		FA8CB7652AC2D3CA005CC809 /* SubMenuCell.swift in Sources */ = {isa = PBXBuildFile; fileRef = FA8CB7642AC2D3CA005CC809 /* SubMenuCell.swift */; };
		FA8D43E62AC1B5A500CC9774 /* MenuModel.swift in Sources */ = {isa = PBXBuildFile; fileRef = FA8D43E52AC1B5A500CC9774 /* MenuModel.swift */; };
		FA8D43E82AC1B7B400CC9774 /* CALayer + Extensions.swift in Sources */ = {isa = PBXBuildFile; fileRef = FA8D43E72AC1B7B400CC9774 /* CALayer + Extensions.swift */; };
		FAA2229A2AC2FCFC00D9703F /* Resources Network.swift in Sources */ = {isa = PBXBuildFile; fileRef = FAA222992AC2FCFC00D9703F /* Resources Network.swift */; };
		FAAF8E522AC711D100B5C738 /* Facade.swift in Sources */ = {isa = PBXBuildFile; fileRef = FAAF8E512AC711D100B5C738 /* Facade.swift */; };
		FAD4D9D12AC2E91D004B00D9 /* CategoryHeader.swift in Sources */ = {isa = PBXBuildFile; fileRef = FAD4D9D02AC2E91D004B00D9 /* CategoryHeader.swift */; };
		FAEE3B342AC591A700DFFD89 /* CustomSubMenuView.swift in Sources */ = {isa = PBXBuildFile; fileRef = FAEE3B332AC591A700DFFD89 /* CustomSubMenuView.swift */; };
		FAEE3B362AC5A32600DFFD89 /* UIImageView + Extensions.swift in Sources */ = {isa = PBXBuildFile; fileRef = FAEE3B352AC5A32600DFFD89 /* UIImageView + Extensions.swift */; };
		FAEE3B382AC6CEDB00DFFD89 /* UIStepper + Extensions.swift in Sources */ = {isa = PBXBuildFile; fileRef = FAEE3B372AC6CEDB00DFFD89 /* UIStepper + Extensions.swift */; };
		FAEE3B3A2AC6D65500DFFD89 /* CustomStepper .swift in Sources */ = {isa = PBXBuildFile; fileRef = FAEE3B392AC6D65500DFFD89 /* CustomStepper .swift */; };
/* End PBXBuildFile section */

/* Begin PBXFileReference section */
		FA055B6E2ABDB50E00C166C3 /* SUSHUSUSHI.app */ = {isa = PBXFileReference; explicitFileType = wrapper.application; includeInIndex = 0; path = SUSHUSUSHI.app; sourceTree = BUILT_PRODUCTS_DIR; };
		FA055B712ABDB50E00C166C3 /* AppDelegate.swift */ = {isa = PBXFileReference; lastKnownFileType = sourcecode.swift; path = AppDelegate.swift; sourceTree = "<group>"; };
		FA055B732ABDB50E00C166C3 /* SceneDelegate.swift */ = {isa = PBXFileReference; lastKnownFileType = sourcecode.swift; path = SceneDelegate.swift; sourceTree = "<group>"; };
		FA055B7A2ABDB51000C166C3 /* Assets.xcassets */ = {isa = PBXFileReference; lastKnownFileType = folder.assetcatalog; path = Assets.xcassets; sourceTree = "<group>"; };
		FA055B7D2ABDB51000C166C3 /* Base */ = {isa = PBXFileReference; lastKnownFileType = file.storyboard; name = Base; path = Base.lproj/LaunchScreen.storyboard; sourceTree = "<group>"; };
		FA055B7F2ABDB51000C166C3 /* Info.plist */ = {isa = PBXFileReference; lastKnownFileType = text.plist.xml; name = Info.plist; path = "task-sushi-shop/Supporting Files/Info.plist"; sourceTree = SOURCE_ROOT; };
		FA182A012ABDC3FE000CC6B5 /* CustomTabBarController.swift */ = {isa = PBXFileReference; lastKnownFileType = sourcecode.swift; path = CustomTabBarController.swift; sourceTree = "<group>"; };
		FA182A032ABDC4F8000CC6B5 /* Resources .swift */ = {isa = PBXFileReference; lastKnownFileType = sourcecode.swift; path = "Resources .swift"; sourceTree = "<group>"; };
		FA182A052ABDCF3E000CC6B5 /* UIColor + Extensions.swift */ = {isa = PBXFileReference; lastKnownFileType = sourcecode.swift; path = "UIColor + Extensions.swift"; sourceTree = "<group>"; };
		FA182A0B2ABDD847000CC6B5 /* UIView + Extensions.swift */ = {isa = PBXFileReference; lastKnownFileType = sourcecode.swift; path = "UIView + Extensions.swift"; sourceTree = "<group>"; };
		FA182A0E2ABE022D000CC6B5 /* CustomNavigationView.swift */ = {isa = PBXFileReference; lastKnownFileType = sourcecode.swift; path = CustomNavigationView.swift; sourceTree = "<group>"; };
		FA182A102ABE0DAF000CC6B5 /* UIButton + Extensions.swift */ = {isa = PBXFileReference; lastKnownFileType = sourcecode.swift; path = "UIButton + Extensions.swift"; sourceTree = "<group>"; };
		FA281F572AC836440010D4D4 /* SushuSushiAPI.swift */ = {isa = PBXFileReference; lastKnownFileType = sourcecode.swift; path = SushuSushiAPI.swift; sourceTree = "<group>"; };
		FA4E96162AC053CA0043FDC9 /* Item.swift */ = {isa = PBXFileReference; lastKnownFileType = sourcecode.swift; path = Item.swift; sourceTree = "<group>"; };
		FA4E96182AC0542C0043FDC9 /* Section.swift */ = {isa = PBXFileReference; lastKnownFileType = sourcecode.swift; path = Section.swift; sourceTree = "<group>"; };
		FA4E961A2AC0546C0043FDC9 /* Header.swift */ = {isa = PBXFileReference; lastKnownFileType = sourcecode.swift; path = Header.swift; sourceTree = "<group>"; };
		FA4E961C2AC054790043FDC9 /* Footer.swift */ = {isa = PBXFileReference; lastKnownFileType = sourcecode.swift; path = Footer.swift; sourceTree = "<group>"; };
		FA4E961E2AC059FA0043FDC9 /* Adapter.swift */ = {isa = PBXFileReference; lastKnownFileType = sourcecode.swift; path = Adapter.swift; sourceTree = "<group>"; };
		FA4E96202AC0658E0043FDC9 /* RegistryService.swift */ = {isa = PBXFileReference; lastKnownFileType = sourcecode.swift; path = RegistryService.swift; sourceTree = "<group>"; };
		FA4E96222AC06A040043FDC9 /* DummyView.swift */ = {isa = PBXFileReference; lastKnownFileType = sourcecode.swift; path = DummyView.swift; sourceTree = "<group>"; };
		FA4E96242AC07A750043FDC9 /* CategoryCell.swift */ = {isa = PBXFileReference; lastKnownFileType = sourcecode.swift; path = CategoryCell.swift; sourceTree = "<group>"; };
		FA4E96272AC07EC30043FDC9 /* CategoryModel.swift */ = {isa = PBXFileReference; lastKnownFileType = sourcecode.swift; path = CategoryModel.swift; sourceTree = "<group>"; };
		FA6669A52ABDB91200D4A4C8 /* MenuViewController.swift */ = {isa = PBXFileReference; lastKnownFileType = sourcecode.swift; path = MenuViewController.swift; sourceTree = "<group>"; };
		FA6669A72ABDB95E00D4A4C8 /* BagViewController.swift */ = {isa = PBXFileReference; lastKnownFileType = sourcecode.swift; path = BagViewController.swift; sourceTree = "<group>"; };
		FA6669A92ABDB97400D4A4C8 /* InfoViewController.swift */ = {isa = PBXFileReference; lastKnownFileType = sourcecode.swift; path = InfoViewController.swift; sourceTree = "<group>"; };
		FA8CB75E2AC2B229005CC809 /* UILabel + Extension.swift */ = {isa = PBXFileReference; lastKnownFileType = sourcecode.swift; path = "UILabel + Extension.swift"; sourceTree = "<group>"; };
		FA8CB7602AC2B484005CC809 /* UIFont + Extensions.swift */ = {isa = PBXFileReference; lastKnownFileType = sourcecode.swift; path = "UIFont + Extensions.swift"; sourceTree = "<group>"; };
		FA8CB7642AC2D3CA005CC809 /* SubMenuCell.swift */ = {isa = PBXFileReference; lastKnownFileType = sourcecode.swift; path = SubMenuCell.swift; sourceTree = "<group>"; };
		FA8D43E52AC1B5A500CC9774 /* MenuModel.swift */ = {isa = PBXFileReference; lastKnownFileType = sourcecode.swift; path = MenuModel.swift; sourceTree = "<group>"; };
		FA8D43E72AC1B7B400CC9774 /* CALayer + Extensions.swift */ = {isa = PBXFileReference; lastKnownFileType = sourcecode.swift; path = "CALayer + Extensions.swift"; sourceTree = "<group>"; };
		FAA222992AC2FCFC00D9703F /* Resources Network.swift */ = {isa = PBXFileReference; lastKnownFileType = sourcecode.swift; path = "Resources Network.swift"; sourceTree = "<group>"; };
		FAAF8E512AC711D100B5C738 /* Facade.swift */ = {isa = PBXFileReference; lastKnownFileType = sourcecode.swift; path = Facade.swift; sourceTree = "<group>"; };
		FAD4D9D02AC2E91D004B00D9 /* CategoryHeader.swift */ = {isa = PBXFileReference; lastKnownFileType = sourcecode.swift; path = CategoryHeader.swift; sourceTree = "<group>"; };
		FAEE3B332AC591A700DFFD89 /* CustomSubMenuView.swift */ = {isa = PBXFileReference; lastKnownFileType = sourcecode.swift; path = CustomSubMenuView.swift; sourceTree = "<group>"; };
		FAEE3B352AC5A32600DFFD89 /* UIImageView + Extensions.swift */ = {isa = PBXFileReference; lastKnownFileType = sourcecode.swift; path = "UIImageView + Extensions.swift"; sourceTree = "<group>"; };
		FAEE3B372AC6CEDB00DFFD89 /* UIStepper + Extensions.swift */ = {isa = PBXFileReference; lastKnownFileType = sourcecode.swift; path = "UIStepper + Extensions.swift"; sourceTree = "<group>"; };
		FAEE3B392AC6D65500DFFD89 /* CustomStepper .swift */ = {isa = PBXFileReference; lastKnownFileType = sourcecode.swift; path = "CustomStepper .swift"; sourceTree = "<group>"; };
/* End PBXFileReference section */

/* Begin PBXFrameworksBuildPhase section */
		FA055B6B2ABDB50E00C166C3 /* Frameworks */ = {
			isa = PBXFrameworksBuildPhase;
			buildActionMask = 2147483647;
			files = (
				FA2159BF2ABDBCBC003B877E /* SnapKit in Frameworks */,
				FA6669B22ABDBAF300D4A4C8 /* Kingfisher in Frameworks */,
				FA6669B52ABDBB4500D4A4C8 /* Alamofire in Frameworks */,
			);
			runOnlyForDeploymentPostprocessing = 0;
		};
/* End PBXFrameworksBuildPhase section */

/* Begin PBXGroup section */
		FA055B652ABDB50E00C166C3 = {
			isa = PBXGroup;
			children = (
				FA055B702ABDB50E00C166C3 /* task-sushi-shop */,
				FA055B6F2ABDB50E00C166C3 /* Products */,
			);
			sourceTree = "<group>";
		};
		FA055B6F2ABDB50E00C166C3 /* Products */ = {
			isa = PBXGroup;
			children = (
				FA055B6E2ABDB50E00C166C3 /* SUSHUSUSHI.app */,
			);
			name = Products;
			sourceTree = "<group>";
		};
		FA055B702ABDB50E00C166C3 /* task-sushi-shop */ = {
			isa = PBXGroup;
			children = (
				FAAF8E502AC711A400B5C738 /* Network */,
				FA4E96152AC053BB0043FDC9 /* AdapterForCollectionView */,
				FA182A092ABDD6EF000CC6B5 /* CustomTabBarController */,
				FA182A0D2ABDD8AA000CC6B5 /* CustomNavigationView */,
				FAF0A33C2ABF19410065EDD4 /* BagScene */,
				FAF0A33D2ABF194A0065EDD4 /* InfoScene */,
				FAF0A33E2ABF19590065EDD4 /* MenuScene */,
				FA055B852ABDB56800C166C3 /* App */,
				FA055B862ABDB57500C166C3 /* Supporting Files */,
				FA182A082ABDD581000CC6B5 /* Resources */,
				FA182A0A2ABDD820000CC6B5 /* Extensions */,
			);
			path = "task-sushi-shop";
			sourceTree = "<group>";
		};
		FA055B852ABDB56800C166C3 /* App */ = {
			isa = PBXGroup;
			children = (
				FA055B712ABDB50E00C166C3 /* AppDelegate.swift */,
				FA055B732ABDB50E00C166C3 /* SceneDelegate.swift */,
			);
			path = App;
			sourceTree = "<group>";
		};
		FA055B862ABDB57500C166C3 /* Supporting Files */ = {
			isa = PBXGroup;
			children = (
				FA055B7A2ABDB51000C166C3 /* Assets.xcassets */,
				FA055B7C2ABDB51000C166C3 /* LaunchScreen.storyboard */,
				FA055B7F2ABDB51000C166C3 /* Info.plist */,
			);
			path = "Supporting Files";
			sourceTree = "<group>";
		};
		FA182A072ABDCF42000CC6B5 /* UIKit */ = {
			isa = PBXGroup;
			children = (
				FA182A052ABDCF3E000CC6B5 /* UIColor + Extensions.swift */,
				FA182A0B2ABDD847000CC6B5 /* UIView + Extensions.swift */,
				FA182A102ABE0DAF000CC6B5 /* UIButton + Extensions.swift */,
				FA8D43E72AC1B7B400CC9774 /* CALayer + Extensions.swift */,
				FA8CB75E2AC2B229005CC809 /* UILabel + Extension.swift */,
				FA8CB7602AC2B484005CC809 /* UIFont + Extensions.swift */,
				FAEE3B352AC5A32600DFFD89 /* UIImageView + Extensions.swift */,
				FAEE3B372AC6CEDB00DFFD89 /* UIStepper + Extensions.swift */,
			);
			path = UIKit;
			sourceTree = "<group>";
		};
		FA182A082ABDD581000CC6B5 /* Resources */ = {
			isa = PBXGroup;
			children = (
				FA182A032ABDC4F8000CC6B5 /* Resources .swift */,
			);
			path = Resources;
			sourceTree = "<group>";
		};
		FA182A092ABDD6EF000CC6B5 /* CustomTabBarController */ = {
			isa = PBXGroup;
			children = (
				FA182A012ABDC3FE000CC6B5 /* CustomTabBarController.swift */,
			);
			path = CustomTabBarController;
			sourceTree = "<group>";
		};
		FA182A0A2ABDD820000CC6B5 /* Extensions */ = {
			isa = PBXGroup;
			children = (
				FA182A072ABDCF42000CC6B5 /* UIKit */,
			);
			path = Extensions;
			sourceTree = "<group>";
		};
		FA182A0D2ABDD8AA000CC6B5 /* CustomNavigationView */ = {
			isa = PBXGroup;
			children = (
				FA182A0E2ABE022D000CC6B5 /* CustomNavigationView.swift */,
			);
			path = CustomNavigationView;
			sourceTree = "<group>";
		};
		FA4E96152AC053BB0043FDC9 /* AdapterForCollectionView */ = {
			isa = PBXGroup;
			children = (
				FA4E96182AC0542C0043FDC9 /* Section.swift */,
				FA4E961A2AC0546C0043FDC9 /* Header.swift */,
				FA4E96162AC053CA0043FDC9 /* Item.swift */,
				FA4E961C2AC054790043FDC9 /* Footer.swift */,
				FA4E961E2AC059FA0043FDC9 /* Adapter.swift */,
				FA4E96202AC0658E0043FDC9 /* RegistryService.swift */,
				FA4E96222AC06A040043FDC9 /* DummyView.swift */,
			);
			path = AdapterForCollectionView;
			sourceTree = "<group>";
		};
		FA4E96262AC07A7B0043FDC9 /* Views */ = {
			isa = PBXGroup;
			children = (
				FAEE3B332AC591A700DFFD89 /* CustomSubMenuView.swift */,
				FAEE3B392AC6D65500DFFD89 /* CustomStepper .swift */,
			);
			path = Views;
			sourceTree = "<group>";
		};
		FAAF8E502AC711A400B5C738 /* Network */ = {
			isa = PBXGroup;
			children = (
				FAA222992AC2FCFC00D9703F /* Resources Network.swift */,
				FAAF8E512AC711D100B5C738 /* Facade.swift */,
				FA281F572AC836440010D4D4 /* SushuSushiAPI.swift */,
			);
			path = Network;
			sourceTree = "<group>";
		};
		FAEE3B3B2AC6F23400DFFD89 /* Cells */ = {
			isa = PBXGroup;
			children = (
				FA4E96242AC07A750043FDC9 /* CategoryCell.swift */,
				FAD4D9D02AC2E91D004B00D9 /* CategoryHeader.swift */,
				FA8CB7642AC2D3CA005CC809 /* SubMenuCell.swift */,
			);
			path = Cells;
			sourceTree = "<group>";
		};
		FAF0A33C2ABF19410065EDD4 /* BagScene */ = {
			isa = PBXGroup;
			children = (
				FA6669A72ABDB95E00D4A4C8 /* BagViewController.swift */,
			);
			path = BagScene;
			sourceTree = "<group>";
		};
		FAF0A33D2ABF194A0065EDD4 /* InfoScene */ = {
			isa = PBXGroup;
			children = (
				FA6669A92ABDB97400D4A4C8 /* InfoViewController.swift */,
			);
			path = InfoScene;
			sourceTree = "<group>";
		};
		FAF0A33E2ABF19590065EDD4 /* MenuScene */ = {
			isa = PBXGroup;
			children = (
				FA4E96262AC07A7B0043FDC9 /* Views */,
				FAEE3B3B2AC6F23400DFFD89 /* Cells */,
				FAF0A33F2ABF1EA10065EDD4 /* Models */,
				FAF0A3402ABF1EAC0065EDD4 /* Controllers */,
			);
			path = MenuScene;
			sourceTree = "<group>";
		};
		FAF0A33F2ABF1EA10065EDD4 /* Models */ = {
			isa = PBXGroup;
			children = (
				FA4E96272AC07EC30043FDC9 /* CategoryModel.swift */,
				FA8D43E52AC1B5A500CC9774 /* MenuModel.swift */,
			);
			path = Models;
			sourceTree = "<group>";
		};
		FAF0A3402ABF1EAC0065EDD4 /* Controllers */ = {
			isa = PBXGroup;
			children = (
				FA6669A52ABDB91200D4A4C8 /* MenuViewController.swift */,
			);
			path = Controllers;
			sourceTree = "<group>";
		};
/* End PBXGroup section */

/* Begin PBXNativeTarget section */
		FA055B6D2ABDB50E00C166C3 /* SUSHUSUSHI */ = {
			isa = PBXNativeTarget;
			buildConfigurationList = FA055B822ABDB51000C166C3 /* Build configuration list for PBXNativeTarget "SUSHUSUSHI" */;
			buildPhases = (
				FA055B6A2ABDB50E00C166C3 /* Sources */,
				FA055B6B2ABDB50E00C166C3 /* Frameworks */,
				FA055B6C2ABDB50E00C166C3 /* Resources */,
			);
			buildRules = (
			);
			dependencies = (
			);
			name = SUSHUSUSHI;
			packageProductDependencies = (
				FA6669B12ABDBAF300D4A4C8 /* Kingfisher */,
				FA6669B42ABDBB4500D4A4C8 /* Alamofire */,
				FA2159BE2ABDBCBC003B877E /* SnapKit */,
			);
			productName = "task-sushi-shop";
			productReference = FA055B6E2ABDB50E00C166C3 /* SUSHUSUSHI.app */;
			productType = "com.apple.product-type.application";
		};
/* End PBXNativeTarget section */

/* Begin PBXProject section */
		FA055B662ABDB50E00C166C3 /* Project object */ = {
			isa = PBXProject;
			attributes = {
				BuildIndependentTargetsInParallel = 1;
				LastSwiftUpdateCheck = 1500;
				LastUpgradeCheck = 1500;
				TargetAttributes = {
					FA055B6D2ABDB50E00C166C3 = {
						CreatedOnToolsVersion = 15.0;
					};
				};
			};
			buildConfigurationList = FA055B692ABDB50E00C166C3 /* Build configuration list for PBXProject "SUSHUSUSHI" */;
			compatibilityVersion = "Xcode 14.0";
			developmentRegion = en;
			hasScannedForEncodings = 0;
			knownRegions = (
				en,
				Base,
			);
			mainGroup = FA055B652ABDB50E00C166C3;
			packageReferences = (
				FA6669B02ABDBAF300D4A4C8 /* XCRemoteSwiftPackageReference "Kingfisher" */,
				FA6669B32ABDBB4500D4A4C8 /* XCRemoteSwiftPackageReference "Alamofire" */,
				FA2159BD2ABDBCBC003B877E /* XCRemoteSwiftPackageReference "SnapKit" */,
			);
			productRefGroup = FA055B6F2ABDB50E00C166C3 /* Products */;
			projectDirPath = "";
			projectRoot = "";
			targets = (
				FA055B6D2ABDB50E00C166C3 /* SUSHUSUSHI */,
			);
		};
/* End PBXProject section */

/* Begin PBXResourcesBuildPhase section */
		FA055B6C2ABDB50E00C166C3 /* Resources */ = {
			isa = PBXResourcesBuildPhase;
			buildActionMask = 2147483647;
			files = (
				FA055B7E2ABDB51000C166C3 /* LaunchScreen.storyboard in Resources */,
				FA055B7B2ABDB51000C166C3 /* Assets.xcassets in Resources */,
			);
			runOnlyForDeploymentPostprocessing = 0;
		};
/* End PBXResourcesBuildPhase section */

/* Begin PBXSourcesBuildPhase section */
		FA055B6A2ABDB50E00C166C3 /* Sources */ = {
			isa = PBXSourcesBuildPhase;
			buildActionMask = 2147483647;
			files = (
				FA4E96232AC06A040043FDC9 /* DummyView.swift in Sources */,
				FA4E96252AC07A750043FDC9 /* CategoryCell.swift in Sources */,
				FA8CB7652AC2D3CA005CC809 /* SubMenuCell.swift in Sources */,
				FAEE3B382AC6CEDB00DFFD89 /* UIStepper + Extensions.swift in Sources */,
				FAEE3B342AC591A700DFFD89 /* CustomSubMenuView.swift in Sources */,
				FA182A022ABDC3FE000CC6B5 /* CustomTabBarController.swift in Sources */,
				FA055B722ABDB50E00C166C3 /* AppDelegate.swift in Sources */,
				FA055B742ABDB50E00C166C3 /* SceneDelegate.swift in Sources */,
				FA4E96282AC07EC30043FDC9 /* CategoryModel.swift in Sources */,
				FA6669A82ABDB95E00D4A4C8 /* BagViewController.swift in Sources */,
				FA4E96172AC053CA0043FDC9 /* Item.swift in Sources */,
				FA4E96212AC0658E0043FDC9 /* RegistryService.swift in Sources */,
				FA6669AA2ABDB97400D4A4C8 /* InfoViewController.swift in Sources */,
				FA8CB75F2AC2B229005CC809 /* UILabel + Extension.swift in Sources */,
				FA182A062ABDCF3E000CC6B5 /* UIColor + Extensions.swift in Sources */,
				FAA2229A2AC2FCFC00D9703F /* Resources Network.swift in Sources */,
				FA281F582AC836440010D4D4 /* SushuSushiAPI.swift in Sources */,
				FAEE3B362AC5A32600DFFD89 /* UIImageView + Extensions.swift in Sources */,
				FA8CB7612AC2B484005CC809 /* UIFont + Extensions.swift in Sources */,
				FAD4D9D12AC2E91D004B00D9 /* CategoryHeader.swift in Sources */,
				FA4E96192AC0542C0043FDC9 /* Section.swift in Sources */,
				FA182A042ABDC4F8000CC6B5 /* Resources .swift in Sources */,
				FA4E961F2AC059FA0043FDC9 /* Adapter.swift in Sources */,
				FA4E961D2AC054790043FDC9 /* Footer.swift in Sources */,
				FA182A0F2ABE022D000CC6B5 /* CustomNavigationView.swift in Sources */,
				FA4E961B2AC0546C0043FDC9 /* Header.swift in Sources */,
				FA8D43E82AC1B7B400CC9774 /* CALayer + Extensions.swift in Sources */,
				FA8D43E62AC1B5A500CC9774 /* MenuModel.swift in Sources */,
				FAAF8E522AC711D100B5C738 /* Facade.swift in Sources */,
				FA182A112ABE0DAF000CC6B5 /* UIButton + Extensions.swift in Sources */,
				FAEE3B3A2AC6D65500DFFD89 /* CustomStepper .swift in Sources */,
				FA182A0C2ABDD847000CC6B5 /* UIView + Extensions.swift in Sources */,
				FA6669A62ABDB91200D4A4C8 /* MenuViewController.swift in Sources */,
			);
			runOnlyForDeploymentPostprocessing = 0;
		};
/* End PBXSourcesBuildPhase section */

/* Begin PBXVariantGroup section */
		FA055B7C2ABDB51000C166C3 /* LaunchScreen.storyboard */ = {
			isa = PBXVariantGroup;
			children = (
				FA055B7D2ABDB51000C166C3 /* Base */,
			);
			name = LaunchScreen.storyboard;
			sourceTree = "<group>";
		};
/* End PBXVariantGroup section */

/* Begin XCBuildConfiguration section */
		FA055B802ABDB51000C166C3 /* Debug */ = {
			isa = XCBuildConfiguration;
			buildSettings = {
				ALWAYS_SEARCH_USER_PATHS = NO;
				ASSETCATALOG_COMPILER_GENERATE_SWIFT_ASSET_SYMBOL_EXTENSIONS = YES;
				CLANG_ANALYZER_NONNULL = YES;
				CLANG_ANALYZER_NUMBER_OBJECT_CONVERSION = YES_AGGRESSIVE;
				CLANG_CXX_LANGUAGE_STANDARD = "gnu++20";
				CLANG_ENABLE_MODULES = YES;
				CLANG_ENABLE_OBJC_ARC = YES;
				CLANG_ENABLE_OBJC_WEAK = YES;
				CLANG_WARN_BLOCK_CAPTURE_AUTORELEASING = YES;
				CLANG_WARN_BOOL_CONVERSION = YES;
				CLANG_WARN_COMMA = YES;
				CLANG_WARN_CONSTANT_CONVERSION = YES;
				CLANG_WARN_DEPRECATED_OBJC_IMPLEMENTATIONS = YES;
				CLANG_WARN_DIRECT_OBJC_ISA_USAGE = YES_ERROR;
				CLANG_WARN_DOCUMENTATION_COMMENTS = YES;
				CLANG_WARN_EMPTY_BODY = YES;
				CLANG_WARN_ENUM_CONVERSION = YES;
				CLANG_WARN_INFINITE_RECURSION = YES;
				CLANG_WARN_INT_CONVERSION = YES;
				CLANG_WARN_NON_LITERAL_NULL_CONVERSION = YES;
				CLANG_WARN_OBJC_IMPLICIT_RETAIN_SELF = YES;
				CLANG_WARN_OBJC_LITERAL_CONVERSION = YES;
				CLANG_WARN_OBJC_ROOT_CLASS = YES_ERROR;
				CLANG_WARN_QUOTED_INCLUDE_IN_FRAMEWORK_HEADER = YES;
				CLANG_WARN_RANGE_LOOP_ANALYSIS = YES;
				CLANG_WARN_STRICT_PROTOTYPES = YES;
				CLANG_WARN_SUSPICIOUS_MOVE = YES;
				CLANG_WARN_UNGUARDED_AVAILABILITY = YES_AGGRESSIVE;
				CLANG_WARN_UNREACHABLE_CODE = YES;
				CLANG_WARN__DUPLICATE_METHOD_MATCH = YES;
				COPY_PHASE_STRIP = NO;
				DEBUG_INFORMATION_FORMAT = dwarf;
				ENABLE_STRICT_OBJC_MSGSEND = YES;
				ENABLE_TESTABILITY = YES;
				ENABLE_USER_SCRIPT_SANDBOXING = YES;
				GCC_C_LANGUAGE_STANDARD = gnu17;
				GCC_DYNAMIC_NO_PIC = NO;
				GCC_NO_COMMON_BLOCKS = YES;
				GCC_OPTIMIZATION_LEVEL = 0;
				GCC_PREPROCESSOR_DEFINITIONS = (
					"DEBUG=1",
					"$(inherited)",
				);
				GCC_WARN_64_TO_32_BIT_CONVERSION = YES;
				GCC_WARN_ABOUT_RETURN_TYPE = YES_ERROR;
				GCC_WARN_UNDECLARED_SELECTOR = YES;
				GCC_WARN_UNINITIALIZED_AUTOS = YES_AGGRESSIVE;
				GCC_WARN_UNUSED_FUNCTION = YES;
				GCC_WARN_UNUSED_VARIABLE = YES;
				INFOPLIST_FILE = "task-sushi-shop/Supporting Files/Info.plist";
				IPHONEOS_DEPLOYMENT_TARGET = 17.0;
				LOCALIZATION_PREFERS_STRING_CATALOGS = YES;
				MTL_ENABLE_DEBUG_INFO = INCLUDE_SOURCE;
				MTL_FAST_MATH = YES;
				ONLY_ACTIVE_ARCH = YES;
				SDKROOT = iphoneos;
				SWIFT_ACTIVE_COMPILATION_CONDITIONS = "DEBUG $(inherited)";
				SWIFT_OPTIMIZATION_LEVEL = "-Onone";
			};
			name = Debug;
		};
		FA055B812ABDB51000C166C3 /* Release */ = {
			isa = XCBuildConfiguration;
			buildSettings = {
				ALWAYS_SEARCH_USER_PATHS = NO;
				ASSETCATALOG_COMPILER_GENERATE_SWIFT_ASSET_SYMBOL_EXTENSIONS = YES;
				CLANG_ANALYZER_NONNULL = YES;
				CLANG_ANALYZER_NUMBER_OBJECT_CONVERSION = YES_AGGRESSIVE;
				CLANG_CXX_LANGUAGE_STANDARD = "gnu++20";
				CLANG_ENABLE_MODULES = YES;
				CLANG_ENABLE_OBJC_ARC = YES;
				CLANG_ENABLE_OBJC_WEAK = YES;
				CLANG_WARN_BLOCK_CAPTURE_AUTORELEASING = YES;
				CLANG_WARN_BOOL_CONVERSION = YES;
				CLANG_WARN_COMMA = YES;
				CLANG_WARN_CONSTANT_CONVERSION = YES;
				CLANG_WARN_DEPRECATED_OBJC_IMPLEMENTATIONS = YES;
				CLANG_WARN_DIRECT_OBJC_ISA_USAGE = YES_ERROR;
				CLANG_WARN_DOCUMENTATION_COMMENTS = YES;
				CLANG_WARN_EMPTY_BODY = YES;
				CLANG_WARN_ENUM_CONVERSION = YES;
				CLANG_WARN_INFINITE_RECURSION = YES;
				CLANG_WARN_INT_CONVERSION = YES;
				CLANG_WARN_NON_LITERAL_NULL_CONVERSION = YES;
				CLANG_WARN_OBJC_IMPLICIT_RETAIN_SELF = YES;
				CLANG_WARN_OBJC_LITERAL_CONVERSION = YES;
				CLANG_WARN_OBJC_ROOT_CLASS = YES_ERROR;
				CLANG_WARN_QUOTED_INCLUDE_IN_FRAMEWORK_HEADER = YES;
				CLANG_WARN_RANGE_LOOP_ANALYSIS = YES;
				CLANG_WARN_STRICT_PROTOTYPES = YES;
				CLANG_WARN_SUSPICIOUS_MOVE = YES;
				CLANG_WARN_UNGUARDED_AVAILABILITY = YES_AGGRESSIVE;
				CLANG_WARN_UNREACHABLE_CODE = YES;
				CLANG_WARN__DUPLICATE_METHOD_MATCH = YES;
				COPY_PHASE_STRIP = NO;
				DEBUG_INFORMATION_FORMAT = "dwarf-with-dsym";
				ENABLE_NS_ASSERTIONS = NO;
				ENABLE_STRICT_OBJC_MSGSEND = YES;
				ENABLE_USER_SCRIPT_SANDBOXING = YES;
				GCC_C_LANGUAGE_STANDARD = gnu17;
				GCC_NO_COMMON_BLOCKS = YES;
				GCC_WARN_64_TO_32_BIT_CONVERSION = YES;
				GCC_WARN_ABOUT_RETURN_TYPE = YES_ERROR;
				GCC_WARN_UNDECLARED_SELECTOR = YES;
				GCC_WARN_UNINITIALIZED_AUTOS = YES_AGGRESSIVE;
				GCC_WARN_UNUSED_FUNCTION = YES;
				GCC_WARN_UNUSED_VARIABLE = YES;
				INFOPLIST_FILE = "task-sushi-shop/Supporting Files/Info.plist";
				IPHONEOS_DEPLOYMENT_TARGET = 17.0;
				LOCALIZATION_PREFERS_STRING_CATALOGS = YES;
				MTL_ENABLE_DEBUG_INFO = NO;
				MTL_FAST_MATH = YES;
				SDKROOT = iphoneos;
				SWIFT_COMPILATION_MODE = wholemodule;
				VALIDATE_PRODUCT = YES;
			};
			name = Release;
		};
		FA055B832ABDB51000C166C3 /* Debug */ = {
			isa = XCBuildConfiguration;
			buildSettings = {
				ASSETCATALOG_COMPILER_APPICON_NAME = AppIcon;
				ASSETCATALOG_COMPILER_GLOBAL_ACCENT_COLOR_NAME = AccentColor;
				CODE_SIGN_STYLE = Automatic;
				CURRENT_PROJECT_VERSION = 1;
				DEVELOPMENT_TEAM = CV7J7FRK2Y;
				GENERATE_INFOPLIST_FILE = YES;
				INFOPLIST_FILE = "task-sushi-shop/Supporting Files/Info.plist";
				INFOPLIST_KEY_UIApplicationSupportsIndirectInputEvents = YES;
				INFOPLIST_KEY_UILaunchStoryboardName = LaunchScreen;
				INFOPLIST_KEY_UISupportedInterfaceOrientations_iPad = "UIInterfaceOrientationPortrait UIInterfaceOrientationPortraitUpsideDown UIInterfaceOrientationLandscapeLeft UIInterfaceOrientationLandscapeRight";
				INFOPLIST_KEY_UISupportedInterfaceOrientations_iPhone = "UIInterfaceOrientationPortrait UIInterfaceOrientationLandscapeLeft UIInterfaceOrientationLandscapeRight";
				LD_RUNPATH_SEARCH_PATHS = (
					"$(inherited)",
					"@executable_path/Frameworks",
				);
				MARKETING_VERSION = 1.0;
				PRODUCT_BUNDLE_IDENTIFIER = "POPOV-ALEKSANDR.task-sushi-shop";
				PRODUCT_NAME = "$(TARGET_NAME)";
				SWIFT_EMIT_LOC_STRINGS = YES;
				SWIFT_VERSION = 5.0;
				TARGETED_DEVICE_FAMILY = "1,2";
			};
			name = Debug;
		};
		FA055B842ABDB51000C166C3 /* Release */ = {
			isa = XCBuildConfiguration;
			buildSettings = {
				ASSETCATALOG_COMPILER_APPICON_NAME = AppIcon;
				ASSETCATALOG_COMPILER_GLOBAL_ACCENT_COLOR_NAME = AccentColor;
				CODE_SIGN_STYLE = Automatic;
				CURRENT_PROJECT_VERSION = 1;
				DEVELOPMENT_TEAM = CV7J7FRK2Y;
				GENERATE_INFOPLIST_FILE = YES;
				INFOPLIST_FILE = "task-sushi-shop/Supporting Files/Info.plist";
				INFOPLIST_KEY_UIApplicationSupportsIndirectInputEvents = YES;
				INFOPLIST_KEY_UILaunchStoryboardName = LaunchScreen;
				INFOPLIST_KEY_UISupportedInterfaceOrientations_iPad = "UIInterfaceOrientationPortrait UIInterfaceOrientationPortraitUpsideDown UIInterfaceOrientationLandscapeLeft UIInterfaceOrientationLandscapeRight";
				INFOPLIST_KEY_UISupportedInterfaceOrientations_iPhone = "UIInterfaceOrientationPortrait UIInterfaceOrientationLandscapeLeft UIInterfaceOrientationLandscapeRight";
				LD_RUNPATH_SEARCH_PATHS = (
					"$(inherited)",
					"@executable_path/Frameworks",
				);
				MARKETING_VERSION = 1.0;
				PRODUCT_BUNDLE_IDENTIFIER = "POPOV-ALEKSANDR.task-sushi-shop";
				PRODUCT_NAME = "$(TARGET_NAME)";
				SWIFT_EMIT_LOC_STRINGS = YES;
				SWIFT_VERSION = 5.0;
				TARGETED_DEVICE_FAMILY = "1,2";
			};
			name = Release;
		};
/* End XCBuildConfiguration section */

/* Begin XCConfigurationList section */
		FA055B692ABDB50E00C166C3 /* Build configuration list for PBXProject "SUSHUSUSHI" */ = {
			isa = XCConfigurationList;
			buildConfigurations = (
				FA055B802ABDB51000C166C3 /* Debug */,
				FA055B812ABDB51000C166C3 /* Release */,
			);
			defaultConfigurationIsVisible = 0;
			defaultConfigurationName = Release;
		};
		FA055B822ABDB51000C166C3 /* Build configuration list for PBXNativeTarget "SUSHUSUSHI" */ = {
			isa = XCConfigurationList;
			buildConfigurations = (
				FA055B832ABDB51000C166C3 /* Debug */,
				FA055B842ABDB51000C166C3 /* Release */,
			);
			defaultConfigurationIsVisible = 0;
			defaultConfigurationName = Release;
		};
/* End XCConfigurationList section */

/* Begin XCRemoteSwiftPackageReference section */
		FA2159BD2ABDBCBC003B877E /* XCRemoteSwiftPackageReference "SnapKit" */ = {
			isa = XCRemoteSwiftPackageReference;
			repositoryURL = "https://github.com/SnapKit/SnapKit.git";
			requirement = {
				kind = upToNextMajorVersion;
				minimumVersion = 5.6.0;
			};
		};
		FA6669B02ABDBAF300D4A4C8 /* XCRemoteSwiftPackageReference "Kingfisher" */ = {
			isa = XCRemoteSwiftPackageReference;
			repositoryURL = "https://github.com/onevcat/Kingfisher";
			requirement = {
				kind = upToNextMajorVersion;
				minimumVersion = 7.9.1;
			};
		};
		FA6669B32ABDBB4500D4A4C8 /* XCRemoteSwiftPackageReference "Alamofire" */ = {
			isa = XCRemoteSwiftPackageReference;
			repositoryURL = "https://github.com/Alamofire/Alamofire.git";
			requirement = {
				kind = upToNextMajorVersion;
				minimumVersion = 5.8.0;
			};
		};
/* End XCRemoteSwiftPackageReference section */

/* Begin XCSwiftPackageProductDependency section */
		FA2159BE2ABDBCBC003B877E /* SnapKit */ = {
			isa = XCSwiftPackageProductDependency;
			package = FA2159BD2ABDBCBC003B877E /* XCRemoteSwiftPackageReference "SnapKit" */;
			productName = SnapKit;
		};
		FA6669B12ABDBAF300D4A4C8 /* Kingfisher */ = {
			isa = XCSwiftPackageProductDependency;
			package = FA6669B02ABDBAF300D4A4C8 /* XCRemoteSwiftPackageReference "Kingfisher" */;
			productName = Kingfisher;
		};
		FA6669B42ABDBB4500D4A4C8 /* Alamofire */ = {
			isa = XCSwiftPackageProductDependency;
			package = FA6669B32ABDBB4500D4A4C8 /* XCRemoteSwiftPackageReference "Alamofire" */;
			productName = Alamofire;
		};
/* End XCSwiftPackageProductDependency section */
	};
	rootObject = FA055B662ABDB50E00C166C3 /* Project object */;
}
